
Microsoft Visual Studio Solution File, Format Version 12.00
# Visual Studio 15
VisualStudioVersion = 15.0.28307.168
MinimumVisualStudioVersion = 10.0.40219.1
Project("{FAE04EC0-301F-11D3-BF4B-00C04F79EFBC}") = "Shopping_List_App", "Shopping_List_App\Shopping_List_App.csproj", "{2C27B657-5E94-44BF-B673-51E58F2A1BA7}"
EndProject
Global
	GlobalSection(SolutionConfigurationPlatforms) = preSolution
		Debug|Any CPU = Debug|Any CPU
		Release|Any CPU = Release|Any CPU
	EndGlobalSection
	GlobalSection(ProjectConfigurationPlatforms) = postSolution
		{2C27B657-5E94-44BF-B673-51E58F2A1BA7}.Debug|Any CPU.ActiveCfg = Debug|Any CPU
		{2C27B657-5E94-44BF-B673-51E58F2A1BA7}.Debug|Any CPU.Build.0 = Debug|Any CPU
		{2C27B657-5E94-44BF-B673-51E58F2A1BA7}.Release|Any CPU.ActiveCfg = Release|Any CPU
		{2C27B657-5E94-44BF-B673-51E58F2A1BA7}.Release|Any CPU.Build.0 = Release|Any CPU
	EndGlobalSection
	GlobalSection(SolutionProperties) = preSolution
		HideSolutionNode = FALSE
	EndGlobalSection
	GlobalSection(ExtensibilityGlobals) = postSolution
		SolutionGuid = {6C8328AB-FBB1-4BA1-B953-FD7907A38B02}
	EndGlobalSection
EndGlobal
